
Microsoft Visual Studio Solution File, Format Version 12.00
# Visual Studio Version 17
VisualStudioVersion = 17.6.33815.320
MinimumVisualStudioVersion = 10.0.40219.1
Project("{FAE04EC0-301F-11D3-BF4B-00C04F79EFBC}") = "Doantinhoc_QLTTAnhNgu", "Doantinhoc_QLTTAnhNgu\Doantinhoc_QLTTAnhNgu.csproj", "{AA92DFA8-C432-478F-9DFF-C263632ACB68}"
EndProject
Global
	GlobalSection(SolutionConfigurationPlatforms) = preSolution
		Debug|Any CPU = Debug|Any CPU
		Release|Any CPU = Release|Any CPU
	EndGlobalSection
	GlobalSection(ProjectConfigurationPlatforms) = postSolution
		{AA92DFA8-C432-478F-9DFF-C263632ACB68}.Debug|Any CPU.ActiveCfg = Debug|Any CPU
		{AA92DFA8-C432-478F-9DFF-C263632ACB68}.Debug|Any CPU.Build.0 = Debug|Any CPU
		{AA92DFA8-C432-478F-9DFF-C263632ACB68}.Release|Any CPU.ActiveCfg = Release|Any CPU
		{AA92DFA8-C432-478F-9DFF-C263632ACB68}.Release|Any CPU.Build.0 = Release|Any CPU
	EndGlobalSection
	GlobalSection(SolutionProperties) = preSolution
		HideSolutionNode = FALSE
	EndGlobalSection
	GlobalSection(ExtensibilityGlobals) = postSolution
		SolutionGuid = {735FC86B-6B95-4ED9-B820-87E0204F2C27}
	EndGlobalSection
EndGlobal
